<?xml version="1.0" encoding="utf-8"?>
<Project ToolsVersion="4.0" xmlns="http://schemas.microsoft.com/developer/msbuild/2003">
  <ItemGroup>
    <Filter Include="00. code.plus">
      <UniqueIdentifier>{bc2291cd-17c9-4faf-859e-be04bbb601e9}</UniqueIdentifier>
    </Filter>
    <Filter Include="01. solved.ac">
      <UniqueIdentifier>{e43c8047-43b6-478b-bd84-cf8a20975f00}</UniqueIdentifier>
    </Filter>
    <Filter Include="00. code.plus\00. 알고리즘 기초">
      <UniqueIdentifier>{762ac039-914f-4547-b37d-d1f0fb8e0608}</UniqueIdentifier>
    </Filter>
    <Filter Include="00. code.plus\00. 알고리즘 기초\00. 알고리즘 시작">
      <UniqueIdentifier>{cc51d8cb-098c-4862-9dba-2843921cb329}</UniqueIdentifier>
    </Filter>
  </ItemGroup>
  <ItemGroup>
    <ClCompile Include="..\Baekjoon_Online_Judge\00_1000_A+B.cpp">
      <Filter>00. code.plus\00. 알고리즘 기초\00. 알고리즘 시작</Filter>
    </ClCompile>
    <ClCompile Include="..\Baekjoon_Online_Judge\01_2558_A+B - 2.cpp">
      <Filter>00. code.plus\00. 알고리즘 기초\00. 알고리즘 시작</Filter>
    </ClCompile>
    <ClCompile Include="..\Baekjoon_Online_Judge\02_10950_A+B - 3.cpp">
      <Filter>00. code.plus\00. 알고리즘 기초\00. 알고리즘 시작</Filter>
    </ClCompile>
    <ClCompile Include="..\Baekjoon_Online_Judge\03_10951_A+B - 4.cpp">
      <Filter>00. code.plus\00. 알고리즘 기초\00. 알고리즘 시작</Filter>
    </ClCompile>
    <ClCompile Include="..\Baekjoon_Online_Judge\04_10952_A+B - 5.cpp">
      <Filter>00. code.plus\00. 알고리즘 기초\00. 알고리즘 시작</Filter>
    </ClCompile>
    <ClCompile Include="..\Baekjoon_Online_Judge\05_10953_A+B - 6.cpp">
      <Filter>00. code.plus\00. 알고리즘 기초\00. 알고리즘 시작</Filter>
    </ClCompile>
    <ClCompile Include="..\Baekjoon_Online_Judge\06_11021_A+B - 7.cpp">
      <Filter>00. code.plus\00. 알고리즘 기초\00. 알고리즘 시작</Filter>
    </ClCompile>
    <ClCompile Include="..\Baekjoon_Online_Judge\07_11022_A+B - 8.cpp">
      <Filter>00. code.plus\00. 알고리즘 기초\00. 알고리즘 시작</Filter>
    </ClCompile>
  </ItemGroup>
</Project>